
Microsoft Visual Studio Solution File, Format Version 12.00
# Visual Studio Version 16
VisualStudioVersion = 16.0.28729.10
MinimumVisualStudioVersion = 10.0.40219.1
Project("{FAE04EC0-301F-11D3-BF4B-00C04F79EFBC}") = "Simulator", "Simulator\Simulator.csproj", "{C7461EC6-F398-45BB-8409-6CB9FDC94F4C}"
EndProject
Project("{FAE04EC0-301F-11D3-BF4B-00C04F79EFBC}") = "ComplexTests", "ComplexTests\ComplexTests.csproj", "{9E52CE52-B2AB-4D2D-AF6F-F5AA06EC95EF}"
EndProject
Global
	GlobalSection(SolutionConfigurationPlatforms) = preSolution
		Debug|Any CPU = Debug|Any CPU
		Release|Any CPU = Release|Any CPU
	EndGlobalSection
	GlobalSection(ProjectConfigurationPlatforms) = postSolution
		{C7461EC6-F398-45BB-8409-6CB9FDC94F4C}.Debug|Any CPU.ActiveCfg = Debug|Any CPU
		{C7461EC6-F398-45BB-8409-6CB9FDC94F4C}.Debug|Any CPU.Build.0 = Debug|Any CPU
		{C7461EC6-F398-45BB-8409-6CB9FDC94F4C}.Release|Any CPU.ActiveCfg = Release|Any CPU
		{C7461EC6-F398-45BB-8409-6CB9FDC94F4C}.Release|Any CPU.Build.0 = Release|Any CPU
		{9E52CE52-B2AB-4D2D-AF6F-F5AA06EC95EF}.Debug|Any CPU.ActiveCfg = Debug|Any CPU
		{9E52CE52-B2AB-4D2D-AF6F-F5AA06EC95EF}.Debug|Any CPU.Build.0 = Debug|Any CPU
		{9E52CE52-B2AB-4D2D-AF6F-F5AA06EC95EF}.Release|Any CPU.ActiveCfg = Release|Any CPU
		{9E52CE52-B2AB-4D2D-AF6F-F5AA06EC95EF}.Release|Any CPU.Build.0 = Release|Any CPU
	EndGlobalSection
	GlobalSection(SolutionProperties) = preSolution
		HideSolutionNode = FALSE
	EndGlobalSection
	GlobalSection(ExtensibilityGlobals) = postSolution
		SolutionGuid = {3CD80A20-0CDE-4617-B5E4-F9B4A8078834}
	EndGlobalSection
EndGlobal
